
Microsoft Visual Studio Solution File, Format Version 11.00
# Visual Studio 2010
Project("{8BC9CEB8-8B4A-11D0-8D11-00A0C91BC942}") = "server", "server.vcxproj", "{31318F8F-16DC-49A0-93F8-629F81676484}"
EndProject
Project("{8BC9CEB8-8B4A-11D0-8D11-00A0C91BC942}") = "client", "..\client\client.vcxproj", "{2436FE8A-7E59-40F7-A549-7489BF47915C}"
EndProject
Global
	GlobalSection(SolutionConfigurationPlatforms) = preSolution
		Debug|Win32 = Debug|Win32
		Release|Win32 = Release|Win32
	EndGlobalSection
	GlobalSection(ProjectConfigurationPlatforms) = postSolution
		{31318F8F-16DC-49A0-93F8-629F81676484}.Debug|Win32.ActiveCfg = Debug|Win32
		{31318F8F-16DC-49A0-93F8-629F81676484}.Debug|Win32.Build.0 = Debug|Win32
		{31318F8F-16DC-49A0-93F8-629F81676484}.Release|Win32.ActiveCfg = Release|Win32
		{31318F8F-16DC-49A0-93F8-629F81676484}.Release|Win32.Build.0 = Release|Win32
		{2436FE8A-7E59-40F7-A549-7489BF47915C}.Debug|Win32.ActiveCfg = Debug|Win32
		{2436FE8A-7E59-40F7-A549-7489BF47915C}.Debug|Win32.Build.0 = Debug|Win32
		{2436FE8A-7E59-40F7-A549-7489BF47915C}.Release|Win32.ActiveCfg = Release|Win32
		{2436FE8A-7E59-40F7-A549-7489BF47915C}.Release|Win32.Build.0 = Release|Win32
	EndGlobalSection
	GlobalSection(SolutionProperties) = preSolution
		HideSolutionNode = FALSE
	EndGlobalSection
EndGlobal
